
Microsoft Visual Studio Solution File, Format Version 12.00
# Visual Studio Version 17
VisualStudioVersion = 17.2.32616.157
MinimumVisualStudioVersion = 10.0.40219.1
Project("{FAE04EC0-301F-11D3-BF4B-00C04F79EFBC}") = "SkillTimeTracker", "SkillTimeTracker\SkillTimeTracker.csproj", "{948D224E-E647-4108-962E-19B69E14AB95}"
EndProject
Global
	GlobalSection(SolutionConfigurationPlatforms) = preSolution
		Debug|Any CPU = Debug|Any CPU
		Release|Any CPU = Release|Any CPU
	EndGlobalSection
	GlobalSection(ProjectConfigurationPlatforms) = postSolution
		{948D224E-E647-4108-962E-19B69E14AB95}.Debug|Any CPU.ActiveCfg = Debug|Any CPU
		{948D224E-E647-4108-962E-19B69E14AB95}.Debug|Any CPU.Build.0 = Debug|Any CPU
		{948D224E-E647-4108-962E-19B69E14AB95}.Release|Any CPU.ActiveCfg = Release|Any CPU
		{948D224E-E647-4108-962E-19B69E14AB95}.Release|Any CPU.Build.0 = Release|Any CPU
	EndGlobalSection
	GlobalSection(SolutionProperties) = preSolution
		HideSolutionNode = FALSE
	EndGlobalSection
	GlobalSection(ExtensibilityGlobals) = postSolution
		SolutionGuid = {CCABDB18-7471-4FFF-A640-C61284A60BC2}
	EndGlobalSection
EndGlobal
